
Microsoft Visual Studio Solution File, Format Version 12.00
# Visual Studio Version 17
VisualStudioVersion = 17.13.35919.96 d17.13
MinimumVisualStudioVersion = 10.0.40219.1
Project("{FAE04EC0-301F-11D3-BF4B-00C04F79EFBC}") = "Test4", "Test4.csproj", "{FA8D6D76-3A7D-4923-879A-1939C8FF0AB9}"
EndProject
Global
	GlobalSection(SolutionConfigurationPlatforms) = preSolution
		Debug|Any CPU = Debug|Any CPU
		Release|Any CPU = Release|Any CPU
	EndGlobalSection
	GlobalSection(ProjectConfigurationPlatforms) = postSolution
		{FA8D6D76-3A7D-4923-879A-1939C8FF0AB9}.Debug|Any CPU.ActiveCfg = Debug|Any CPU
		{FA8D6D76-3A7D-4923-879A-1939C8FF0AB9}.Debug|Any CPU.Build.0 = Debug|Any CPU
		{FA8D6D76-3A7D-4923-879A-1939C8FF0AB9}.Release|Any CPU.ActiveCfg = Release|Any CPU
		{FA8D6D76-3A7D-4923-879A-1939C8FF0AB9}.Release|Any CPU.Build.0 = Release|Any CPU
	EndGlobalSection
	GlobalSection(SolutionProperties) = preSolution
		HideSolutionNode = FALSE
	EndGlobalSection
	GlobalSection(ExtensibilityGlobals) = postSolution
		SolutionGuid = {3A2FB50E-747D-4B97-B675-0CDEC815D42A}
	EndGlobalSection
EndGlobal
